<Solution>
  <Folder Name="/src/" />
  <Folder Name="/src/Host/">
    <Project Path="src/Host/CopyTradeMarketApi.Host/CopyTradeMarketApi.Host.csproj" />
  </Folder>
  <Folder Name="/src/Modules/" />
  <Folder Name="/src/Modules/Affiliate/">
    <Project Path="src/Modules/Affiliate/Affiliate.API/Affiliate.API.csproj" />
    <Project Path="src/Modules/Affiliate/Affiliate.Application/Affiliate.Application.csproj" />
    <Project Path="src/Modules/Affiliate/Affiliate.Domain/Affiliate.Domain.csproj" />
    <Project Path="src/Modules/Affiliate/Affiliate.Infrastructure/Affiliate.Infrastructure.csproj" />
  </Folder>
  <Folder Name="/src/Modules/Auth/">
    <Project Path="src/Modules/Auth/Auth.API/Auth.API.csproj" />
    <Project Path="src/Modules/Auth/Auth.Application/Auth.Application.csproj" />
    <Project Path="src/Modules/Auth/Auth.Domain/Auth.Domain.csproj" />
    <Project Path="src/Modules/Auth/Auth.Infrastructure/Auth.Infrastructure.csproj" />
  </Folder>
  <Folder Name="/src/Modules/Tracking/">
    <Project Path="src/Modules/Tracking/Tracking.API/Tracking.API.csproj" />
    <Project Path="src/Modules/Tracking/Tracking.Application/Tracking.Application.csproj" />
    <Project Path="src/Modules/Tracking/Tracking.Domain/Tracking.Domain.csproj" />
    <Project Path="src/Modules/Tracking/Tracking.Infrastructure/Tracking.Infrastructure.csproj" />
  </Folder>
  <Folder Name="/src/Shared/">
    <Project Path="src/Shared/CopyTradeMarketApi.Shared/CopyTradeMarketApi.Shared.csproj" />
  </Folder>
</Solution>
